// !$*UTF8*$!
{
	archiveVersion = 1;
	classes = {
	};
	objectVersion = 56;
	objects = {

/* Begin PBXBuildFile section */
		617C62162AE0542C004A0DE3 /* ToDoViewController+Extension.swift in Sources */ = {isa = PBXBuildFile; fileRef = 617C62152AE0542C004A0DE3 /* ToDoViewController+Extension.swift */; };
		617C62192AE054D3004A0DE3 /* ToDoViewModel+Extension.swift in Sources */ = {isa = PBXBuildFile; fileRef = 617C62182AE054D3004A0DE3 /* ToDoViewModel+Extension.swift */; };
		617C621E2AE05F89004A0DE3 /* Localizable.strings in Resources */ = {isa = PBXBuildFile; fileRef = 617C62202AE05F89004A0DE3 /* Localizable.strings */; };
		617C62232AE06041004A0DE3 /* Localisation.swift in Sources */ = {isa = PBXBuildFile; fileRef = 617C62222AE06041004A0DE3 /* Localisation.swift */; };
		617C62252AE0609D004A0DE3 /* Strings+Extension.swift in Sources */ = {isa = PBXBuildFile; fileRef = 617C62242AE0609D004A0DE3 /* Strings+Extension.swift */; };
		61E14F942ADEF9FC0006FA3F /* ToDoViewModel.swift in Sources */ = {isa = PBXBuildFile; fileRef = 61E14F932ADEF9FC0006FA3F /* ToDoViewModel.swift */; };
		61E14F9A2ADF044D0006FA3F /* UserSessionManager.swift in Sources */ = {isa = PBXBuildFile; fileRef = 61E14F992ADF044D0006FA3F /* UserSessionManager.swift */; };
		61E14F9C2ADF0C050006FA3F /* ToDoItemCell.swift in Sources */ = {isa = PBXBuildFile; fileRef = 61E14F9B2ADF0C050006FA3F /* ToDoItemCell.swift */; };
		61FB45E72ADDCBF300B510E8 /* AppDelegate.swift in Sources */ = {isa = PBXBuildFile; fileRef = 61FB45E62ADDCBF300B510E8 /* AppDelegate.swift */; };
		61FB45E92ADDCBF300B510E8 /* SceneDelegate.swift in Sources */ = {isa = PBXBuildFile; fileRef = 61FB45E82ADDCBF300B510E8 /* SceneDelegate.swift */; };
		61FB45EB2ADDCBF300B510E8 /* ToDoViewController.swift in Sources */ = {isa = PBXBuildFile; fileRef = 61FB45EA2ADDCBF300B510E8 /* ToDoViewController.swift */; };
		61FB45F02ADDCBF500B510E8 /* Assets.xcassets in Resources */ = {isa = PBXBuildFile; fileRef = 61FB45EF2ADDCBF500B510E8 /* Assets.xcassets */; };
		61FB45F32ADDCBF500B510E8 /* LaunchScreen.storyboard in Resources */ = {isa = PBXBuildFile; fileRef = 61FB45F12ADDCBF500B510E8 /* LaunchScreen.storyboard */; };
		BBF0E58F62ED8F938F11CF06 /* Pods_ToDoList.framework in Frameworks */ = {isa = PBXBuildFile; fileRef = AFE70C5C68B704AF9DEEC2CB /* Pods_ToDoList.framework */; };
/* End PBXBuildFile section */

/* Begin PBXFileReference section */
		617C62152AE0542C004A0DE3 /* ToDoViewController+Extension.swift */ = {isa = PBXFileReference; lastKnownFileType = sourcecode.swift; path = "ToDoViewController+Extension.swift"; sourceTree = "<group>"; };
		617C62182AE054D3004A0DE3 /* ToDoViewModel+Extension.swift */ = {isa = PBXFileReference; lastKnownFileType = sourcecode.swift; path = "ToDoViewModel+Extension.swift"; sourceTree = "<group>"; };
		617C621B2AE05F17004A0DE3 /* ru */ = {isa = PBXFileReference; lastKnownFileType = text.plist.strings; name = ru; path = ru.lproj/LaunchScreen.strings; sourceTree = "<group>"; };
		617C621F2AE05F89004A0DE3 /* en */ = {isa = PBXFileReference; lastKnownFileType = text.plist.strings; name = en; path = en.lproj/Localizable.strings; sourceTree = "<group>"; };
		617C62212AE05F8B004A0DE3 /* ru */ = {isa = PBXFileReference; lastKnownFileType = text.plist.strings; name = ru; path = ru.lproj/Localizable.strings; sourceTree = "<group>"; };
		617C62222AE06041004A0DE3 /* Localisation.swift */ = {isa = PBXFileReference; lastKnownFileType = sourcecode.swift; path = Localisation.swift; sourceTree = "<group>"; };
		617C62242AE0609D004A0DE3 /* Strings+Extension.swift */ = {isa = PBXFileReference; lastKnownFileType = sourcecode.swift; path = "Strings+Extension.swift"; sourceTree = "<group>"; };
		61E14F932ADEF9FC0006FA3F /* ToDoViewModel.swift */ = {isa = PBXFileReference; lastKnownFileType = sourcecode.swift; path = ToDoViewModel.swift; sourceTree = "<group>"; };
		61E14F992ADF044D0006FA3F /* UserSessionManager.swift */ = {isa = PBXFileReference; lastKnownFileType = sourcecode.swift; path = UserSessionManager.swift; sourceTree = "<group>"; };
		61E14F9B2ADF0C050006FA3F /* ToDoItemCell.swift */ = {isa = PBXFileReference; lastKnownFileType = sourcecode.swift; path = ToDoItemCell.swift; sourceTree = "<group>"; };
		61FB45E32ADDCBF300B510E8 /* ToDoList.app */ = {isa = PBXFileReference; explicitFileType = wrapper.application; includeInIndex = 0; path = ToDoList.app; sourceTree = BUILT_PRODUCTS_DIR; };
		61FB45E62ADDCBF300B510E8 /* AppDelegate.swift */ = {isa = PBXFileReference; lastKnownFileType = sourcecode.swift; path = AppDelegate.swift; sourceTree = "<group>"; };
		61FB45E82ADDCBF300B510E8 /* SceneDelegate.swift */ = {isa = PBXFileReference; lastKnownFileType = sourcecode.swift; path = SceneDelegate.swift; sourceTree = "<group>"; };
		61FB45EA2ADDCBF300B510E8 /* ToDoViewController.swift */ = {isa = PBXFileReference; lastKnownFileType = sourcecode.swift; path = ToDoViewController.swift; sourceTree = "<group>"; };
		61FB45EF2ADDCBF500B510E8 /* Assets.xcassets */ = {isa = PBXFileReference; lastKnownFileType = folder.assetcatalog; path = Assets.xcassets; sourceTree = "<group>"; };
		61FB45F22ADDCBF500B510E8 /* Base */ = {isa = PBXFileReference; lastKnownFileType = file.storyboard; name = Base; path = Base.lproj/LaunchScreen.storyboard; sourceTree = "<group>"; };
		61FB45F42ADDCBF500B510E8 /* Info.plist */ = {isa = PBXFileReference; lastKnownFileType = text.plist.xml; path = Info.plist; sourceTree = "<group>"; };
		8340A2D9FC4241BCE90F2848 /* Pods-ToDoList.release.xcconfig */ = {isa = PBXFileReference; includeInIndex = 1; lastKnownFileType = text.xcconfig; name = "Pods-ToDoList.release.xcconfig"; path = "Target Support Files/Pods-ToDoList/Pods-ToDoList.release.xcconfig"; sourceTree = "<group>"; };
		AFE70C5C68B704AF9DEEC2CB /* Pods_ToDoList.framework */ = {isa = PBXFileReference; explicitFileType = wrapper.framework; includeInIndex = 0; path = Pods_ToDoList.framework; sourceTree = BUILT_PRODUCTS_DIR; };
		E51526AE447FD23AB7586210 /* Pods-ToDoList.debug.xcconfig */ = {isa = PBXFileReference; includeInIndex = 1; lastKnownFileType = text.xcconfig; name = "Pods-ToDoList.debug.xcconfig"; path = "Target Support Files/Pods-ToDoList/Pods-ToDoList.debug.xcconfig"; sourceTree = "<group>"; };
/* End PBXFileReference section */

/* Begin PBXFrameworksBuildPhase section */
		61FB45E02ADDCBF300B510E8 /* Frameworks */ = {
			isa = PBXFrameworksBuildPhase;
			buildActionMask = 2147483647;
			files = (
				BBF0E58F62ED8F938F11CF06 /* Pods_ToDoList.framework in Frameworks */,
			);
			runOnlyForDeploymentPostprocessing = 0;
		};
/* End PBXFrameworksBuildPhase section */

/* Begin PBXGroup section */
		617C62142AE05400004A0DE3 /* Extensions */ = {
			isa = PBXGroup;
			children = (
				617C62152AE0542C004A0DE3 /* ToDoViewController+Extension.swift */,
				617C62182AE054D3004A0DE3 /* ToDoViewModel+Extension.swift */,
				617C62242AE0609D004A0DE3 /* Strings+Extension.swift */,
			);
			path = Extensions;
			sourceTree = "<group>";
		};
		617C62172AE0548F004A0DE3 /* ToDo */ = {
			isa = PBXGroup;
			children = (
				61E14F932ADEF9FC0006FA3F /* ToDoViewModel.swift */,
				61FB45EA2ADDCBF300B510E8 /* ToDoViewController.swift */,
				61E14F9B2ADF0C050006FA3F /* ToDoItemCell.swift */,
			);
			path = ToDo;
			sourceTree = "<group>";
		};
		617C621A2AE05EBC004A0DE3 /* Resources */ = {
			isa = PBXGroup;
			children = (
				617C62222AE06041004A0DE3 /* Localisation.swift */,
				617C62202AE05F89004A0DE3 /* Localizable.strings */,
			);
			path = Resources;
			sourceTree = "<group>";
		};
		61FB45DA2ADDCBF300B510E8 = {
			isa = PBXGroup;
			children = (
				61FB45E52ADDCBF300B510E8 /* ToDoList */,
				61FB45E42ADDCBF300B510E8 /* Products */,
				650E0FE2C0121C18E4CB4127 /* Pods */,
				79696AEDAAF267816F01D875 /* Frameworks */,
			);
			sourceTree = "<group>";
		};
		61FB45E42ADDCBF300B510E8 /* Products */ = {
			isa = PBXGroup;
			children = (
				61FB45E32ADDCBF300B510E8 /* ToDoList.app */,
			);
			name = Products;
			sourceTree = "<group>";
		};
		61FB45E52ADDCBF300B510E8 /* ToDoList */ = {
			isa = PBXGroup;
			children = (
				61FB45E62ADDCBF300B510E8 /* AppDelegate.swift */,
				61FB45E82ADDCBF300B510E8 /* SceneDelegate.swift */,
				61E14F992ADF044D0006FA3F /* UserSessionManager.swift */,
				617C62172AE0548F004A0DE3 /* ToDo */,
				617C62142AE05400004A0DE3 /* Extensions */,
				617C621A2AE05EBC004A0DE3 /* Resources */,
				61FB45EF2ADDCBF500B510E8 /* Assets.xcassets */,
				61FB45F12ADDCBF500B510E8 /* LaunchScreen.storyboard */,
				61FB45F42ADDCBF500B510E8 /* Info.plist */,
			);
			path = ToDoList;
			sourceTree = "<group>";
		};
		650E0FE2C0121C18E4CB4127 /* Pods */ = {
			isa = PBXGroup;
			children = (
				E51526AE447FD23AB7586210 /* Pods-ToDoList.debug.xcconfig */,
				8340A2D9FC4241BCE90F2848 /* Pods-ToDoList.release.xcconfig */,
			);
			path = Pods;
			sourceTree = "<group>";
		};
		79696AEDAAF267816F01D875 /* Frameworks */ = {
			isa = PBXGroup;
			children = (
				AFE70C5C68B704AF9DEEC2CB /* Pods_ToDoList.framework */,
			);
			name = Frameworks;
			sourceTree = "<group>";
		};
/* End PBXGroup section */

/* Begin PBXNativeTarget section */
		61FB45E22ADDCBF300B510E8 /* ToDoList */ = {
			isa = PBXNativeTarget;
			buildConfigurationList = 61FB45F72ADDCBF500B510E8 /* Build configuration list for PBXNativeTarget "ToDoList" */;
			buildPhases = (
				0F0300818D28DC3EEED81470 /* [CP] Check Pods Manifest.lock */,
				613CE2962AE08BD600A8367F /* ShellScript */,
				61FB45DF2ADDCBF300B510E8 /* Sources */,
				61FB45E02ADDCBF300B510E8 /* Frameworks */,
				61FB45E12ADDCBF300B510E8 /* Resources */,
			);
			buildRules = (
			);
			dependencies = (
			);
			name = ToDoList;
			productName = ToDoList;
			productReference = 61FB45E32ADDCBF300B510E8 /* ToDoList.app */;
			productType = "com.apple.product-type.application";
		};
/* End PBXNativeTarget section */

/* Begin PBXProject section */
		61FB45DB2ADDCBF300B510E8 /* Project object */ = {
			isa = PBXProject;
			attributes = {
				BuildIndependentTargetsInParallel = 1;
				LastSwiftUpdateCheck = 1500;
				LastUpgradeCheck = 1500;
				TargetAttributes = {
					61FB45E22ADDCBF300B510E8 = {
						CreatedOnToolsVersion = 15.0;
					};
				};
			};
			buildConfigurationList = 61FB45DE2ADDCBF300B510E8 /* Build configuration list for PBXProject "ToDoList" */;
			compatibilityVersion = "Xcode 14.0";
			developmentRegion = en;
			hasScannedForEncodings = 0;
			knownRegions = (
				en,
				Base,
				ru,
			);
			mainGroup = 61FB45DA2ADDCBF300B510E8;
			productRefGroup = 61FB45E42ADDCBF300B510E8 /* Products */;
			projectDirPath = "";
			projectRoot = "";
			targets = (
				61FB45E22ADDCBF300B510E8 /* ToDoList */,
			);
		};
/* End PBXProject section */

/* Begin PBXResourcesBuildPhase section */
		61FB45E12ADDCBF300B510E8 /* Resources */ = {
			isa = PBXResourcesBuildPhase;
			buildActionMask = 2147483647;
			files = (
				61FB45F32ADDCBF500B510E8 /* LaunchScreen.storyboard in Resources */,
				617C621E2AE05F89004A0DE3 /* Localizable.strings in Resources */,
				61FB45F02ADDCBF500B510E8 /* Assets.xcassets in Resources */,
			);
			runOnlyForDeploymentPostprocessing = 0;
		};
/* End PBXResourcesBuildPhase section */

/* Begin PBXShellScriptBuildPhase section */
		0F0300818D28DC3EEED81470 /* [CP] Check Pods Manifest.lock */ = {
			isa = PBXShellScriptBuildPhase;
			buildActionMask = 2147483647;
			files = (
			);
			inputFileListPaths = (
			);
			inputPaths = (
				"${PODS_PODFILE_DIR_PATH}/Podfile.lock",
				"${PODS_ROOT}/Manifest.lock",
			);
			name = "[CP] Check Pods Manifest.lock";
			outputFileListPaths = (
			);
			outputPaths = (
				"$(DERIVED_FILE_DIR)/Pods-ToDoList-checkManifestLockResult.txt",
			);
			runOnlyForDeploymentPostprocessing = 0;
			shellPath = /bin/sh;
			shellScript = "diff \"${PODS_PODFILE_DIR_PATH}/Podfile.lock\" \"${PODS_ROOT}/Manifest.lock\" > /dev/null\nif [ $? != 0 ] ; then\n    # print error to STDERR\n    echo \"error: The sandbox is not in sync with the Podfile.lock. Run 'pod install' or update your CocoaPods installation.\" >&2\n    exit 1\nfi\n# This output is used by Xcode 'outputs' to avoid re-running this script phase.\necho \"SUCCESS\" > \"${SCRIPT_OUTPUT_FILE_0}\"\n";
			showEnvVarsInLog = 0;
		};
		613CE2962AE08BD600A8367F /* ShellScript */ = {
			isa = PBXShellScriptBuildPhase;
			buildActionMask = 2147483647;
			files = (
			);
			inputFileListPaths = (
			);
			inputPaths = (
			);
			outputFileListPaths = (
			);
			outputPaths = (
			);
			runOnlyForDeploymentPostprocessing = 0;
			shellPath = /bin/sh;
			shellScript = "SWIFT_LINT=/usr/local/bin/swiftlint\nif [[ -e \"${SWIFT_LINT}\" ]]; then\necho \"[I] Found SwiftLint at ${SWIFT_LINT}\"\nelse\necho \"[!] Local SwiftLint not found at ${SWIFT_LINT}\"\nexport SWIFT_LINT=${PWD}/Pods/SwiftLint/swiftlint\necho \"[I] Try to using SwiftLint from cocoapods at ${SWIFT_LINT}\"\nfi\nif [[ ! -e \"${SWIFT_LINT}\" ]]; then\necho \"[!] SwifLint is not installed.\"\necho \"[!] Expected location is '${SWIFT_LINT}'\"\necho \"[!] Please install it. eg. 'brew install swiftlint'\"\nexit 1\nfi\necho \"[I] SwiftLint version: $(${SWIFT_LINT} version)\"\ngit ls-files --other --modified --exclude-standard -- \"*.swift\" | while read filename; do\n$SWIFT_LINT lint \"$filename\";\n$SWIFT_LINT autocorrect \"$filename\";\ndone\n";
		};
/* End PBXShellScriptBuildPhase section */

/* Begin PBXSourcesBuildPhase section */
		61FB45DF2ADDCBF300B510E8 /* Sources */ = {
			isa = PBXSourcesBuildPhase;
			buildActionMask = 2147483647;
			files = (
				617C62252AE0609D004A0DE3 /* Strings+Extension.swift in Sources */,
				61E14F942ADEF9FC0006FA3F /* ToDoViewModel.swift in Sources */,
				61E14F9A2ADF044D0006FA3F /* UserSessionManager.swift in Sources */,
				617C62192AE054D3004A0DE3 /* ToDoViewModel+Extension.swift in Sources */,
				61E14F9C2ADF0C050006FA3F /* ToDoItemCell.swift in Sources */,
				61FB45EB2ADDCBF300B510E8 /* ToDoViewController.swift in Sources */,
				617C62162AE0542C004A0DE3 /* ToDoViewController+Extension.swift in Sources */,
				61FB45E72ADDCBF300B510E8 /* AppDelegate.swift in Sources */,
				61FB45E92ADDCBF300B510E8 /* SceneDelegate.swift in Sources */,
				617C62232AE06041004A0DE3 /* Localisation.swift in Sources */,
			);
			runOnlyForDeploymentPostprocessing = 0;
		};
/* End PBXSourcesBuildPhase section */

/* Begin PBXVariantGroup section */
		617C62202AE05F89004A0DE3 /* Localizable.strings */ = {
			isa = PBXVariantGroup;
			children = (
				617C621F2AE05F89004A0DE3 /* en */,
				617C62212AE05F8B004A0DE3 /* ru */,
			);
			name = Localizable.strings;
			sourceTree = "<group>";
		};
		61FB45F12ADDCBF500B510E8 /* LaunchScreen.storyboard */ = {
			isa = PBXVariantGroup;
			children = (
				61FB45F22ADDCBF500B510E8 /* Base */,
				617C621B2AE05F17004A0DE3 /* ru */,
			);
			name = LaunchScreen.storyboard;
			sourceTree = "<group>";
		};
/* End PBXVariantGroup section */

/* Begin XCBuildConfiguration section */
		61FB45F52ADDCBF500B510E8 /* Debug */ = {
			isa = XCBuildConfiguration;
			buildSettings = {
				ALWAYS_SEARCH_USER_PATHS = NO;
				ASSETCATALOG_COMPILER_GENERATE_SWIFT_ASSET_SYMBOL_EXTENSIONS = YES;
				CLANG_ANALYZER_LOCALIZABILITY_NONLOCALIZED = YES;
				CLANG_ANALYZER_NONNULL = YES;
				CLANG_ANALYZER_NUMBER_OBJECT_CONVERSION = YES_AGGRESSIVE;
				CLANG_CXX_LANGUAGE_STANDARD = "gnu++20";
				CLANG_ENABLE_MODULES = YES;
				CLANG_ENABLE_OBJC_ARC = YES;
				CLANG_ENABLE_OBJC_WEAK = YES;
				CLANG_WARN_BLOCK_CAPTURE_AUTORELEASING = YES;
				CLANG_WARN_BOOL_CONVERSION = YES;
				CLANG_WARN_COMMA = YES;
				CLANG_WARN_CONSTANT_CONVERSION = YES;
				CLANG_WARN_DEPRECATED_OBJC_IMPLEMENTATIONS = YES;
				CLANG_WARN_DIRECT_OBJC_ISA_USAGE = YES_ERROR;
				CLANG_WARN_DOCUMENTATION_COMMENTS = YES;
				CLANG_WARN_EMPTY_BODY = YES;
				CLANG_WARN_ENUM_CONVERSION = YES;
				CLANG_WARN_INFINITE_RECURSION = YES;
				CLANG_WARN_INT_CONVERSION = YES;
				CLANG_WARN_NON_LITERAL_NULL_CONVERSION = YES;
				CLANG_WARN_OBJC_IMPLICIT_RETAIN_SELF = YES;
				CLANG_WARN_OBJC_LITERAL_CONVERSION = YES;
				CLANG_WARN_OBJC_ROOT_CLASS = YES_ERROR;
				CLANG_WARN_QUOTED_INCLUDE_IN_FRAMEWORK_HEADER = YES;
				CLANG_WARN_RANGE_LOOP_ANALYSIS = YES;
				CLANG_WARN_STRICT_PROTOTYPES = YES;
				CLANG_WARN_SUSPICIOUS_MOVE = YES;
				CLANG_WARN_UNGUARDED_AVAILABILITY = YES_AGGRESSIVE;
				CLANG_WARN_UNREACHABLE_CODE = YES;
				CLANG_WARN__DUPLICATE_METHOD_MATCH = YES;
				COPY_PHASE_STRIP = NO;
				DEBUG_INFORMATION_FORMAT = dwarf;
				ENABLE_STRICT_OBJC_MSGSEND = YES;
				ENABLE_TESTABILITY = YES;
				ENABLE_USER_SCRIPT_SANDBOXING = YES;
				GCC_C_LANGUAGE_STANDARD = gnu17;
				GCC_DYNAMIC_NO_PIC = NO;
				GCC_NO_COMMON_BLOCKS = YES;
				GCC_OPTIMIZATION_LEVEL = 0;
				GCC_PREPROCESSOR_DEFINITIONS = (
					"DEBUG=1",
					"$(inherited)",
				);
				GCC_WARN_64_TO_32_BIT_CONVERSION = YES;
				GCC_WARN_ABOUT_RETURN_TYPE = YES_ERROR;
				GCC_WARN_UNDECLARED_SELECTOR = YES;
				GCC_WARN_UNINITIALIZED_AUTOS = YES_AGGRESSIVE;
				GCC_WARN_UNUSED_FUNCTION = YES;
				GCC_WARN_UNUSED_VARIABLE = YES;
				IPHONEOS_DEPLOYMENT_TARGET = 17.0;
				LOCALIZATION_PREFERS_STRING_CATALOGS = YES;
				MTL_ENABLE_DEBUG_INFO = INCLUDE_SOURCE;
				MTL_FAST_MATH = YES;
				ONLY_ACTIVE_ARCH = YES;
				SDKROOT = iphoneos;
				SWIFT_ACTIVE_COMPILATION_CONDITIONS = "DEBUG $(inherited)";
				SWIFT_OPTIMIZATION_LEVEL = "-Onone";
			};
			name = Debug;
		};
		61FB45F62ADDCBF500B510E8 /* Release */ = {
			isa = XCBuildConfiguration;
			buildSettings = {
				ALWAYS_SEARCH_USER_PATHS = NO;
				ASSETCATALOG_COMPILER_GENERATE_SWIFT_ASSET_SYMBOL_EXTENSIONS = YES;
				CLANG_ANALYZER_LOCALIZABILITY_NONLOCALIZED = YES;
				CLANG_ANALYZER_NONNULL = YES;
				CLANG_ANALYZER_NUMBER_OBJECT_CONVERSION = YES_AGGRESSIVE;
				CLANG_CXX_LANGUAGE_STANDARD = "gnu++20";
				CLANG_ENABLE_MODULES = YES;
				CLANG_ENABLE_OBJC_ARC = YES;
				CLANG_ENABLE_OBJC_WEAK = YES;
				CLANG_WARN_BLOCK_CAPTURE_AUTORELEASING = YES;
				CLANG_WARN_BOOL_CONVERSION = YES;
				CLANG_WARN_COMMA = YES;
				CLANG_WARN_CONSTANT_CONVERSION = YES;
				CLANG_WARN_DEPRECATED_OBJC_IMPLEMENTATIONS = YES;
				CLANG_WARN_DIRECT_OBJC_ISA_USAGE = YES_ERROR;
				CLANG_WARN_DOCUMENTATION_COMMENTS = YES;
				CLANG_WARN_EMPTY_BODY = YES;
				CLANG_WARN_ENUM_CONVERSION = YES;
				CLANG_WARN_INFINITE_RECURSION = YES;
				CLANG_WARN_INT_CONVERSION = YES;
				CLANG_WARN_NON_LITERAL_NULL_CONVERSION = YES;
				CLANG_WARN_OBJC_IMPLICIT_RETAIN_SELF = YES;
				CLANG_WARN_OBJC_LITERAL_CONVERSION = YES;
				CLANG_WARN_OBJC_ROOT_CLASS = YES_ERROR;
				CLANG_WARN_QUOTED_INCLUDE_IN_FRAMEWORK_HEADER = YES;
				CLANG_WARN_RANGE_LOOP_ANALYSIS = YES;
				CLANG_WARN_STRICT_PROTOTYPES = YES;
				CLANG_WARN_SUSPICIOUS_MOVE = YES;
				CLANG_WARN_UNGUARDED_AVAILABILITY = YES_AGGRESSIVE;
				CLANG_WARN_UNREACHABLE_CODE = YES;
				CLANG_WARN__DUPLICATE_METHOD_MATCH = YES;
				COPY_PHASE_STRIP = NO;
				DEBUG_INFORMATION_FORMAT = "dwarf-with-dsym";
				ENABLE_NS_ASSERTIONS = NO;
				ENABLE_STRICT_OBJC_MSGSEND = YES;
				ENABLE_USER_SCRIPT_SANDBOXING = YES;
				GCC_C_LANGUAGE_STANDARD = gnu17;
				GCC_NO_COMMON_BLOCKS = YES;
				GCC_WARN_64_TO_32_BIT_CONVERSION = YES;
				GCC_WARN_ABOUT_RETURN_TYPE = YES_ERROR;
				GCC_WARN_UNDECLARED_SELECTOR = YES;
				GCC_WARN_UNINITIALIZED_AUTOS = YES_AGGRESSIVE;
				GCC_WARN_UNUSED_FUNCTION = YES;
				GCC_WARN_UNUSED_VARIABLE = YES;
				IPHONEOS_DEPLOYMENT_TARGET = 17.0;
				LOCALIZATION_PREFERS_STRING_CATALOGS = YES;
				MTL_ENABLE_DEBUG_INFO = NO;
				MTL_FAST_MATH = YES;
				SDKROOT = iphoneos;
				SWIFT_COMPILATION_MODE = wholemodule;
				VALIDATE_PRODUCT = YES;
			};
			name = Release;
		};
		61FB45F82ADDCBF500B510E8 /* Debug */ = {
			isa = XCBuildConfiguration;
			baseConfigurationReference = E51526AE447FD23AB7586210 /* Pods-ToDoList.debug.xcconfig */;
			buildSettings = {
				ASSETCATALOG_COMPILER_APPICON_NAME = AppIcon;
				ASSETCATALOG_COMPILER_GLOBAL_ACCENT_COLOR_NAME = AccentColor;
				CODE_SIGN_STYLE = Automatic;
				CURRENT_PROJECT_VERSION = 1;
				DEVELOPMENT_TEAM = 9F7427KM4A;
				GENERATE_INFOPLIST_FILE = YES;
				INFOPLIST_FILE = ToDoList/Info.plist;
				INFOPLIST_KEY_UIApplicationSupportsIndirectInputEvents = YES;
				INFOPLIST_KEY_UILaunchStoryboardName = LaunchScreen;
				INFOPLIST_KEY_UIMainStoryboardFile = "";
				INFOPLIST_KEY_UISupportedInterfaceOrientations_iPad = "UIInterfaceOrientationPortrait UIInterfaceOrientationPortraitUpsideDown UIInterfaceOrientationLandscapeLeft UIInterfaceOrientationLandscapeRight";
				INFOPLIST_KEY_UISupportedInterfaceOrientations_iPhone = "UIInterfaceOrientationPortrait UIInterfaceOrientationLandscapeLeft UIInterfaceOrientationLandscapeRight";
				LD_RUNPATH_SEARCH_PATHS = (
					"$(inherited)",
					"@executable_path/Frameworks",
				);
				MARKETING_VERSION = 1.0;
				PRODUCT_BUNDLE_IDENTIFIER = ILC.ToDoList;
				PRODUCT_NAME = "$(TARGET_NAME)";
				SWIFT_EMIT_LOC_STRINGS = YES;
				SWIFT_VERSION = 5.0;
				TARGETED_DEVICE_FAMILY = "1,2";
			};
			name = Debug;
		};
		61FB45F92ADDCBF500B510E8 /* Release */ = {
			isa = XCBuildConfiguration;
			baseConfigurationReference = 8340A2D9FC4241BCE90F2848 /* Pods-ToDoList.release.xcconfig */;
			buildSettings = {
				ASSETCATALOG_COMPILER_APPICON_NAME = AppIcon;
				ASSETCATALOG_COMPILER_GLOBAL_ACCENT_COLOR_NAME = AccentColor;
				CODE_SIGN_STYLE = Automatic;
				CURRENT_PROJECT_VERSION = 1;
				DEVELOPMENT_TEAM = 9F7427KM4A;
				GENERATE_INFOPLIST_FILE = YES;
				INFOPLIST_FILE = ToDoList/Info.plist;
				INFOPLIST_KEY_UIApplicationSupportsIndirectInputEvents = YES;
				INFOPLIST_KEY_UILaunchStoryboardName = LaunchScreen;
				INFOPLIST_KEY_UIMainStoryboardFile = "";
				INFOPLIST_KEY_UISupportedInterfaceOrientations_iPad = "UIInterfaceOrientationPortrait UIInterfaceOrientationPortraitUpsideDown UIInterfaceOrientationLandscapeLeft UIInterfaceOrientationLandscapeRight";
				INFOPLIST_KEY_UISupportedInterfaceOrientations_iPhone = "UIInterfaceOrientationPortrait UIInterfaceOrientationLandscapeLeft UIInterfaceOrientationLandscapeRight";
				LD_RUNPATH_SEARCH_PATHS = (
					"$(inherited)",
					"@executable_path/Frameworks",
				);
				MARKETING_VERSION = 1.0;
				PRODUCT_BUNDLE_IDENTIFIER = ILC.ToDoList;
				PRODUCT_NAME = "$(TARGET_NAME)";
				SWIFT_EMIT_LOC_STRINGS = YES;
				SWIFT_VERSION = 5.0;
				TARGETED_DEVICE_FAMILY = "1,2";
			};
			name = Release;
		};
/* End XCBuildConfiguration section */

/* Begin XCConfigurationList section */
		61FB45DE2ADDCBF300B510E8 /* Build configuration list for PBXProject "ToDoList" */ = {
			isa = XCConfigurationList;
			buildConfigurations = (
				61FB45F52ADDCBF500B510E8 /* Debug */,
				61FB45F62ADDCBF500B510E8 /* Release */,
			);
			defaultConfigurationIsVisible = 0;
			defaultConfigurationName = Release;
		};
		61FB45F72ADDCBF500B510E8 /* Build configuration list for PBXNativeTarget "ToDoList" */ = {
			isa = XCConfigurationList;
			buildConfigurations = (
				61FB45F82ADDCBF500B510E8 /* Debug */,
				61FB45F92ADDCBF500B510E8 /* Release */,
			);
			defaultConfigurationIsVisible = 0;
			defaultConfigurationName = Release;
		};
/* End XCConfigurationList section */
	};
	rootObject = 61FB45DB2ADDCBF300B510E8 /* Project object */;
}
